
Microsoft Visual Studio Solution File, Format Version 12.00
# Visual Studio Version 16
VisualStudioVersion = 16.0.29503.13
MinimumVisualStudioVersion = 10.0.40219.1
Project("{FAE04EC0-301F-11D3-BF4B-00C04F79EFBC}") = "AI", "AI\AI.csproj", "{574888B5-4197-4359-8969-0CB5EBD4DFB6}"
EndProject
Global
	GlobalSection(SolutionConfigurationPlatforms) = preSolution
		Debug|Any CPU = Debug|Any CPU
		Release|Any CPU = Release|Any CPU
	EndGlobalSection
	GlobalSection(ProjectConfigurationPlatforms) = postSolution
		{574888B5-4197-4359-8969-0CB5EBD4DFB6}.Debug|Any CPU.ActiveCfg = Debug|Any CPU
		{574888B5-4197-4359-8969-0CB5EBD4DFB6}.Debug|Any CPU.Build.0 = Debug|Any CPU
		{574888B5-4197-4359-8969-0CB5EBD4DFB6}.Release|Any CPU.ActiveCfg = Release|Any CPU
		{574888B5-4197-4359-8969-0CB5EBD4DFB6}.Release|Any CPU.Build.0 = Release|Any CPU
	EndGlobalSection
	GlobalSection(SolutionProperties) = preSolution
		HideSolutionNode = FALSE
	EndGlobalSection
	GlobalSection(ExtensibilityGlobals) = postSolution
		SolutionGuid = {0BAE071B-94D1-4846-94C2-DD4642785F7C}
	EndGlobalSection
EndGlobal
